GEM
  remote: https://rubygems.org/
  specs:
    language_server-protocol (3.17.0.6)
    logger (1.7.0)
    prism (1.9.0)
    rbs (4.0.3)
      logger
      prism (>= 1.6.0)
      tsort
    ruby-lsp (0.26.10)
      language_server-protocol (~> 3.17.0)
      prism (>= 1.2, < 2.0)
      rbs (>= 3, < 5)
    tsort (0.2.0)

PLATFORMS
  ruby
  x86_64-linux

DEPENDENCIES
  ruby-lsp (~> 0.26.9)

CHECKSUMS
  bundler (4.0.15) sha256=a4ceb882fe94a0e0ac63cd0813932bbfd631a14e5ac0b7975189b19a4d28d9e7
  language_server-protocol (3.17.0.6) sha256=5ef2c0c138f8267e1bc631d3328347d354f96724b0af22f2c79516120443b7f0
  logger (1.7.0) sha256=196edec7cc44b66cfb40f9755ce11b392f21f7967696af15d274dde7edff0203
  prism (1.9.0) sha256=7b530c6a9f92c24300014919c9dcbc055bf4cdf51ec30aed099b06cd6674ef85
  rbs (4.0.3) sha256=5a7bf70e2628549d9a1f44eae447b2cfe55968a9c60cfff52693a4bdcc020e14
  ruby-lsp (0.26.10) sha256=e67284af94423531f6b9a583350596421b5a6a4dd93083f1c2ba03da7c23bbed
  tsort (0.2.0) sha256=9650a793f6859a43b6641671278f79cfead60ac714148aabe4e3f0060480089f

BUNDLED WITH
  4.0.15
